// !$*UTF8*$!
{
	archiveVersion = 1;
	classes = {
	};
	objectVersion = 50;
	objects = {

/* Begin PBXBuildFile section */
		07C22ADC36BE6D5D5C9B81DA /* Pods_Ioritter.framework in Frameworks */ = {isa = PBXBuildFile; fileRef = 098DDC73DDA7AAED12BBDADF /* Pods_Ioritter.framework */; };
		2ADAD23A61F32C7FE42D2E38 /* Pods_IoritterTests.framework in Frameworks */ = {isa = PBXBuildFile; fileRef = 9180DDE908C3A27BCCF5031A /* Pods_IoritterTests.framework */; };
		9E97221C5F1F12C72BF61522 /* Pods_IoritterUITests.framework in Frameworks */ = {isa = PBXBuildFile; fileRef = C752D6B6FCE16E05123A2359 /* Pods_IoritterUITests.framework */; };
		D63B4A98221A8A030085ABB6 /* AppDelegate.swift in Sources */ = {isa = PBXBuildFile; fileRef = D63B4A97221A8A030085ABB6 /* AppDelegate.swift */; };
		D63B4A9A221A8A030085ABB6 /* ViewController.swift in Sources */ = {isa = PBXBuildFile; fileRef = D63B4A99221A8A030085ABB6 /* ViewController.swift */; };
		D63B4A9D221A8A030085ABB6 /* Main.storyboard in Resources */ = {isa = PBXBuildFile; fileRef = D63B4A9B221A8A030085ABB6 /* Main.storyboard */; };
		D63B4A9F221A8A060085ABB6 /* Assets.xcassets in Resources */ = {isa = PBXBuildFile; fileRef = D63B4A9E221A8A060085ABB6 /* Assets.xcassets */; };
		D63B4AA2221A8A060085ABB6 /* LaunchScreen.storyboard in Resources */ = {isa = PBXBuildFile; fileRef = D63B4AA0221A8A060085ABB6 /* LaunchScreen.storyboard */; };
		D63B4AAD221A8A070085ABB6 /* IoritterTests.swift in Sources */ = {isa = PBXBuildFile; fileRef = D63B4AAC221A8A070085ABB6 /* IoritterTests.swift */; };
		D63B4AB8221A8A070085ABB6 /* IoritterUITests.swift in Sources */ = {isa = PBXBuildFile; fileRef = D63B4AB7221A8A070085ABB6 /* IoritterUITests.swift */; };
		D63B4ACA221A92690085ABB6 /* TimelineViewController.swift in Sources */ = {isa = PBXBuildFile; fileRef = D63B4AC9221A92690085ABB6 /* TimelineViewController.swift */; };
		D63B4ACD221BCFE40085ABB6 /* TimelineTableViewCell.swift in Sources */ = {isa = PBXBuildFile; fileRef = D63B4ACB221BCFE40085ABB6 /* TimelineTableViewCell.swift */; };
		D63B4ACE221BCFE40085ABB6 /* TimelineTableViewCell.xib in Resources */ = {isa = PBXBuildFile; fileRef = D63B4ACC221BCFE40085ABB6 /* TimelineTableViewCell.xib */; };
		D6C5D990221BEF430000BAE4 /* GoogleService-Info.plist in Resources */ = {isa = PBXBuildFile; fileRef = D6C5D98F221BEF430000BAE4 /* GoogleService-Info.plist */; };
/* End PBXBuildFile section */

/* Begin PBXContainerItemProxy section */
		D63B4AA9221A8A070085ABB6 /* PBXContainerItemProxy */ = {
			isa = PBXContainerItemProxy;
			containerPortal = D63B4A8C221A8A020085ABB6 /* Project object */;
			proxyType = 1;
			remoteGlobalIDString = D63B4A93221A8A030085ABB6;
			remoteInfo = Ioritter;
		};
		D63B4AB4221A8A070085ABB6 /* PBXContainerItemProxy */ = {
			isa = PBXContainerItemProxy;
			containerPortal = D63B4A8C221A8A020085ABB6 /* Project object */;
			proxyType = 1;
			remoteGlobalIDString = D63B4A93221A8A030085ABB6;
			remoteInfo = Ioritter;
		};
/* End PBXContainerItemProxy section */

/* Begin PBXFileReference section */
		098DDC73DDA7AAED12BBDADF /* Pods_Ioritter.framework */ = {isa = PBXFileReference; explicitFileType = wrapper.framework; includeInIndex = 0; path = Pods_Ioritter.framework; sourceTree = BUILT_PRODUCTS_DIR; };
		2011224258AD6A589D022178 /* Pods-IoritterTests.debug.xcconfig */ = {isa = PBXFileReference; includeInIndex = 1; lastKnownFileType = text.xcconfig; name = "Pods-IoritterTests.debug.xcconfig"; path = "Target Support Files/Pods-IoritterTests/Pods-IoritterTests.debug.xcconfig"; sourceTree = "<group>"; };
		87260024B30054966D776E7A /* Pods-IoritterUITests.release.xcconfig */ = {isa = PBXFileReference; includeInIndex = 1; lastKnownFileType = text.xcconfig; name = "Pods-IoritterUITests.release.xcconfig"; path = "Target Support Files/Pods-IoritterUITests/Pods-IoritterUITests.release.xcconfig"; sourceTree = "<group>"; };
		9180DDE908C3A27BCCF5031A /* Pods_IoritterTests.framework */ = {isa = PBXFileReference; explicitFileType = wrapper.framework; includeInIndex = 0; path = Pods_IoritterTests.framework; sourceTree = BUILT_PRODUCTS_DIR; };
		9EBCD32533651965C7EB795B /* Pods-Ioritter.release.xcconfig */ = {isa = PBXFileReference; includeInIndex = 1; lastKnownFileType = text.xcconfig; name = "Pods-Ioritter.release.xcconfig"; path = "Target Support Files/Pods-Ioritter/Pods-Ioritter.release.xcconfig"; sourceTree = "<group>"; };
		B2887A6C129EC7F1AFB4474A /* Pods-Ioritter.debug.xcconfig */ = {isa = PBXFileReference; includeInIndex = 1; lastKnownFileType = text.xcconfig; name = "Pods-Ioritter.debug.xcconfig"; path = "Target Support Files/Pods-Ioritter/Pods-Ioritter.debug.xcconfig"; sourceTree = "<group>"; };
		B2EE7A79A26F3ECA7DF499B5 /* Pods-IoritterUITests.debug.xcconfig */ = {isa = PBXFileReference; includeInIndex = 1; lastKnownFileType = text.xcconfig; name = "Pods-IoritterUITests.debug.xcconfig"; path = "Target Support Files/Pods-IoritterUITests/Pods-IoritterUITests.debug.xcconfig"; sourceTree = "<group>"; };
		BCB7673D1631BFB2C3E90126 /* Pods-IoritterTests.release.xcconfig */ = {isa = PBXFileReference; includeInIndex = 1; lastKnownFileType = text.xcconfig; name = "Pods-IoritterTests.release.xcconfig"; path = "Target Support Files/Pods-IoritterTests/Pods-IoritterTests.release.xcconfig"; sourceTree = "<group>"; };
		C752D6B6FCE16E05123A2359 /* Pods_IoritterUITests.framework */ = {isa = PBXFileReference; explicitFileType = wrapper.framework; includeInIndex = 0; path = Pods_IoritterUITests.framework; sourceTree = BUILT_PRODUCTS_DIR; };
		D63B4A94221A8A030085ABB6 /* Ioritter.app */ = {isa = PBXFileReference; explicitFileType = wrapper.application; includeInIndex = 0; path = Ioritter.app; sourceTree = BUILT_PRODUCTS_DIR; };
		D63B4A97221A8A030085ABB6 /* AppDelegate.swift */ = {isa = PBXFileReference; lastKnownFileType = sourcecode.swift; path = AppDelegate.swift; sourceTree = "<group>"; };
		D63B4A99221A8A030085ABB6 /* ViewController.swift */ = {isa = PBXFileReference; lastKnownFileType = sourcecode.swift; path = ViewController.swift; sourceTree = "<group>"; };
		D63B4A9C221A8A030085ABB6 /* Base */ = {isa = PBXFileReference; lastKnownFileType = file.storyboard; name = Base; path = Base.lproj/Main.storyboard; sourceTree = "<group>"; };
		D63B4A9E221A8A060085ABB6 /* Assets.xcassets */ = {isa = PBXFileReference; lastKnownFileType = folder.assetcatalog; path = Assets.xcassets; sourceTree = "<group>"; };
		D63B4AA1221A8A060085ABB6 /* Base */ = {isa = PBXFileReference; lastKnownFileType = file.storyboard; name = Base; path = Base.lproj/LaunchScreen.storyboard; sourceTree = "<group>"; };
		D63B4AA3221A8A060085ABB6 /* Info.plist */ = {isa = PBXFileReference; lastKnownFileType = text.plist.xml; path = Info.plist; sourceTree = "<group>"; };
		D63B4AA8221A8A070085ABB6 /* IoritterTests.xctest */ = {isa = PBXFileReference; explicitFileType = wrapper.cfbundle; includeInIndex = 0; path = IoritterTests.xctest; sourceTree = BUILT_PRODUCTS_DIR; };
		D63B4AAC221A8A070085ABB6 /* IoritterTests.swift */ = {isa = PBXFileReference; lastKnownFileType = sourcecode.swift; path = IoritterTests.swift; sourceTree = "<group>"; };
		D63B4AAE221A8A070085ABB6 /* Info.plist */ = {isa = PBXFileReference; lastKnownFileType = text.plist.xml; path = Info.plist; sourceTree = "<group>"; };
		D63B4AB3221A8A070085ABB6 /* IoritterUITests.xctest */ = {isa = PBXFileReference; explicitFileType = wrapper.cfbundle; includeInIndex = 0; path = IoritterUITests.xctest; sourceTree = BUILT_PRODUCTS_DIR; };
		D63B4AB7221A8A070085ABB6 /* IoritterUITests.swift */ = {isa = PBXFileReference; lastKnownFileType = sourcecode.swift; path = IoritterUITests.swift; sourceTree = "<group>"; };
		D63B4AB9221A8A070085ABB6 /* Info.plist */ = {isa = PBXFileReference; lastKnownFileType = text.plist.xml; path = Info.plist; sourceTree = "<group>"; };
		D63B4AC9221A92690085ABB6 /* TimelineViewController.swift */ = {isa = PBXFileReference; lastKnownFileType = sourcecode.swift; path = TimelineViewController.swift; sourceTree = "<group>"; };
		D63B4ACB221BCFE40085ABB6 /* TimelineTableViewCell.swift */ = {isa = PBXFileReference; lastKnownFileType = sourcecode.swift; path = TimelineTableViewCell.swift; sourceTree = "<group>"; };
		D63B4ACC221BCFE40085ABB6 /* TimelineTableViewCell.xib */ = {isa = PBXFileReference; lastKnownFileType = file.xib; path = TimelineTableViewCell.xib; sourceTree = "<group>"; };
		D6C5D98F221BEF430000BAE4 /* GoogleService-Info.plist */ = {isa = PBXFileReference; fileEncoding = 4; lastKnownFileType = text.plist.xml; path = "GoogleService-Info.plist"; sourceTree = "<group>"; };
/* End PBXFileReference section */

/* Begin PBXFrameworksBuildPhase section */
		D63B4A91221A8A030085ABB6 /* Frameworks */ = {
			isa = PBXFrameworksBuildPhase;
			buildActionMask = 2147483647;
			files = (
				07C22ADC36BE6D5D5C9B81DA /* Pods_Ioritter.framework in Frameworks */,
			);
			runOnlyForDeploymentPostprocessing = 0;
		};
		D63B4AA5221A8A070085ABB6 /* Frameworks */ = {
			isa = PBXFrameworksBuildPhase;
			buildActionMask = 2147483647;
			files = (
				2ADAD23A61F32C7FE42D2E38 /* Pods_IoritterTests.framework in Frameworks */,
			);
			runOnlyForDeploymentPostprocessing = 0;
		};
		D63B4AB0221A8A070085ABB6 /* Frameworks */ = {
			isa = PBXFrameworksBuildPhase;
			buildActionMask = 2147483647;
			files = (
				9E97221C5F1F12C72BF61522 /* Pods_IoritterUITests.framework in Frameworks */,
			);
			runOnlyForDeploymentPostprocessing = 0;
		};
/* End PBXFrameworksBuildPhase section */

/* Begin PBXGroup section */
		0D7444885EFFDA43AD1E202A /* Frameworks */ = {
			isa = PBXGroup;
			children = (
				098DDC73DDA7AAED12BBDADF /* Pods_Ioritter.framework */,
				9180DDE908C3A27BCCF5031A /* Pods_IoritterTests.framework */,
				C752D6B6FCE16E05123A2359 /* Pods_IoritterUITests.framework */,
			);
			name = Frameworks;
			sourceTree = "<group>";
		};
		38730525DBE530DAB88FC881 /* Pods */ = {
			isa = PBXGroup;
			children = (
				B2887A6C129EC7F1AFB4474A /* Pods-Ioritter.debug.xcconfig */,
				9EBCD32533651965C7EB795B /* Pods-Ioritter.release.xcconfig */,
				2011224258AD6A589D022178 /* Pods-IoritterTests.debug.xcconfig */,
				BCB7673D1631BFB2C3E90126 /* Pods-IoritterTests.release.xcconfig */,
				B2EE7A79A26F3ECA7DF499B5 /* Pods-IoritterUITests.debug.xcconfig */,
				87260024B30054966D776E7A /* Pods-IoritterUITests.release.xcconfig */,
			);
			name = Pods;
			path = Pods;
			sourceTree = "<group>";
		};
		D63B4A8B221A8A020085ABB6 = {
			isa = PBXGroup;
			children = (
				D63B4A96221A8A030085ABB6 /* Ioritter */,
				D63B4AAB221A8A070085ABB6 /* IoritterTests */,
				D63B4AB6221A8A070085ABB6 /* IoritterUITests */,
				D63B4A95221A8A030085ABB6 /* Products */,
				38730525DBE530DAB88FC881 /* Pods */,
				0D7444885EFFDA43AD1E202A /* Frameworks */,
			);
			sourceTree = "<group>";
		};
		D63B4A95221A8A030085ABB6 /* Products */ = {
			isa = PBXGroup;
			children = (
				D63B4A94221A8A030085ABB6 /* Ioritter.app */,
				D63B4AA8221A8A070085ABB6 /* IoritterTests.xctest */,
				D63B4AB3221A8A070085ABB6 /* IoritterUITests.xctest */,
			);
			name = Products;
			sourceTree = "<group>";
		};
		D63B4A96221A8A030085ABB6 /* Ioritter */ = {
			isa = PBXGroup;
			children = (
				D6C5D98F221BEF430000BAE4 /* GoogleService-Info.plist */,
				D63B4A97221A8A030085ABB6 /* AppDelegate.swift */,
				D63B4A99221A8A030085ABB6 /* ViewController.swift */,
				D63B4A9B221A8A030085ABB6 /* Main.storyboard */,
				D63B4A9E221A8A060085ABB6 /* Assets.xcassets */,
				D63B4AA0221A8A060085ABB6 /* LaunchScreen.storyboard */,
				D63B4AA3221A8A060085ABB6 /* Info.plist */,
				D63B4AC9221A92690085ABB6 /* TimelineViewController.swift */,
				D63B4ACB221BCFE40085ABB6 /* TimelineTableViewCell.swift */,
				D63B4ACC221BCFE40085ABB6 /* TimelineTableViewCell.xib */,
			);
			path = Ioritter;
			sourceTree = "<group>";
		};
		D63B4AAB221A8A070085ABB6 /* IoritterTests */ = {
			isa = PBXGroup;
			children = (
				D63B4AAC221A8A070085ABB6 /* IoritterTests.swift */,
				D63B4AAE221A8A070085ABB6 /* Info.plist */,
			);
			path = IoritterTests;
			sourceTree = "<group>";
		};
		D63B4AB6221A8A070085ABB6 /* IoritterUITests */ = {
			isa = PBXGroup;
			children = (
				D63B4AB7221A8A070085ABB6 /* IoritterUITests.swift */,
				D63B4AB9221A8A070085ABB6 /* Info.plist */,
			);
			path = IoritterUITests;
			sourceTree = "<group>";
		};
/* End PBXGroup section */

/* Begin PBXNativeTarget section */
		D63B4A93221A8A030085ABB6 /* Ioritter */ = {
			isa = PBXNativeTarget;
			buildConfigurationList = D63B4ABC221A8A070085ABB6 /* Build configuration list for PBXNativeTarget "Ioritter" */;
			buildPhases = (
				1455F10662805D9A4688BB03 /* [CP] Check Pods Manifest.lock */,
				D63B4A90221A8A030085ABB6 /* Sources */,
				D63B4A91221A8A030085ABB6 /* Frameworks */,
				D63B4A92221A8A030085ABB6 /* Resources */,
				58CDDDA03197E91E499458E0 /* [CP] Embed Pods Frameworks */,
			);
			buildRules = (
			);
			dependencies = (
			);
			name = Ioritter;
			productName = Ioritter;
			productReference = D63B4A94221A8A030085ABB6 /* Ioritter.app */;
			productType = "com.apple.product-type.application";
		};
		D63B4AA7221A8A070085ABB6 /* IoritterTests */ = {
			isa = PBXNativeTarget;
			buildConfigurationList = D63B4ABF221A8A070085ABB6 /* Build configuration list for PBXNativeTarget "IoritterTests" */;
			buildPhases = (
				330256FB31592C2E17EC9807 /* [CP] Check Pods Manifest.lock */,
				D63B4AA4221A8A070085ABB6 /* Sources */,
				D63B4AA5221A8A070085ABB6 /* Frameworks */,
				D63B4AA6221A8A070085ABB6 /* Resources */,
			);
			buildRules = (
			);
			dependencies = (
				D63B4AAA221A8A070085ABB6 /* PBXTargetDependency */,
			);
			name = IoritterTests;
			productName = IoritterTests;
			productReference = D63B4AA8221A8A070085ABB6 /* IoritterTests.xctest */;
			productType = "com.apple.product-type.bundle.unit-test";
		};
		D63B4AB2221A8A070085ABB6 /* IoritterUITests */ = {
			isa = PBXNativeTarget;
			buildConfigurationList = D63B4AC2221A8A070085ABB6 /* Build configuration list for PBXNativeTarget "IoritterUITests" */;
			buildPhases = (
				379B72F5C77735D56F6F46FD /* [CP] Check Pods Manifest.lock */,
				D63B4AAF221A8A070085ABB6 /* Sources */,
				D63B4AB0221A8A070085ABB6 /* Frameworks */,
				D63B4AB1221A8A070085ABB6 /* Resources */,
			);
			buildRules = (
			);
			dependencies = (
				D63B4AB5221A8A070085ABB6 /* PBXTargetDependency */,
			);
			name = IoritterUITests;
			productName = IoritterUITests;
			productReference = D63B4AB3221A8A070085ABB6 /* IoritterUITests.xctest */;
			productType = "com.apple.product-type.bundle.ui-testing";
		};
/* End PBXNativeTarget section */

/* Begin PBXProject section */
		D63B4A8C221A8A020085ABB6 /* Project object */ = {
			isa = PBXProject;
			attributes = {
				LastSwiftUpdateCheck = 1010;
				LastUpgradeCheck = 1010;
				ORGANIZATIONNAME = juna.Kawagishi;
				TargetAttributes = {
					D63B4A93221A8A030085ABB6 = {
						CreatedOnToolsVersion = 10.1;
					};
					D63B4AA7221A8A070085ABB6 = {
						CreatedOnToolsVersion = 10.1;
						TestTargetID = D63B4A93221A8A030085ABB6;
					};
					D63B4AB2221A8A070085ABB6 = {
						CreatedOnToolsVersion = 10.1;
						TestTargetID = D63B4A93221A8A030085ABB6;
					};
				};
			};
			buildConfigurationList = D63B4A8F221A8A020085ABB6 /* Build configuration list for PBXProject "Ioritter" */;
			compatibilityVersion = "Xcode 9.3";
			developmentRegion = en;
			hasScannedForEncodings = 0;
			knownRegions = (
				en,
				Base,
			);
			mainGroup = D63B4A8B221A8A020085ABB6;
			productRefGroup = D63B4A95221A8A030085ABB6 /* Products */;
			projectDirPath = "";
			projectRoot = "";
			targets = (
				D63B4A93221A8A030085ABB6 /* Ioritter */,
				D63B4AA7221A8A070085ABB6 /* IoritterTests */,
				D63B4AB2221A8A070085ABB6 /* IoritterUITests */,
			);
		};
/* End PBXProject section */

/* Begin PBXResourcesBuildPhase section */
		D63B4A92221A8A030085ABB6 /* Resources */ = {
			isa = PBXResourcesBuildPhase;
			buildActionMask = 2147483647;
			files = (
				D63B4ACE221BCFE40085ABB6 /* TimelineTableViewCell.xib in Resources */,
				D63B4AA2221A8A060085ABB6 /* LaunchScreen.storyboard in Resources */,
				D6C5D990221BEF430000BAE4 /* GoogleService-Info.plist in Resources */,
				D63B4A9F221A8A060085ABB6 /* Assets.xcassets in Resources */,
				D63B4A9D221A8A030085ABB6 /* Main.storyboard in Resources */,
			);
			runOnlyForDeploymentPostprocessing = 0;
		};
		D63B4AA6221A8A070085ABB6 /* Resources */ = {
			isa = PBXResourcesBuildPhase;
			buildActionMask = 2147483647;
			files = (
			);
			runOnlyForDeploymentPostprocessing = 0;
		};
		D63B4AB1221A8A070085ABB6 /* Resources */ = {
			isa = PBXResourcesBuildPhase;
			buildActionMask = 2147483647;
			files = (
			);
			runOnlyForDeploymentPostprocessing = 0;
		};
/* End PBXResourcesBuildPhase section */

/* Begin PBXShellScriptBuildPhase section */
		1455F10662805D9A4688BB03 /* [CP] Check Pods Manifest.lock */ = {
			isa = PBXShellScriptBuildPhase;
			buildActionMask = 2147483647;
			files = (
			);
			inputFileListPaths = (
			);
			inputPaths = (
				"${PODS_PODFILE_DIR_PATH}/Podfile.lock",
				"${PODS_ROOT}/Manifest.lock",
			);
			name = "[CP] Check Pods Manifest.lock";
			outputFileListPaths = (
			);
			outputPaths = (
				"$(DERIVED_FILE_DIR)/Pods-Ioritter-checkManifestLockResult.txt",
			);
			runOnlyForDeploymentPostprocessing = 0;
			shellPath = /bin/sh;
			shellScript = "diff \"${PODS_PODFILE_DIR_PATH}/Podfile.lock\" \"${PODS_ROOT}/Manifest.lock\" > /dev/null\nif [ $? != 0 ] ; then\n    # print error to STDERR\n    echo \"error: The sandbox is not in sync with the Podfile.lock. Run 'pod install' or update your CocoaPods installation.\" >&2\n    exit 1\nfi\n# This output is used by Xcode 'outputs' to avoid re-running this script phase.\necho \"SUCCESS\" > \"${SCRIPT_OUTPUT_FILE_0}\"\n";
			showEnvVarsInLog = 0;
		};
		330256FB31592C2E17EC9807 /* [CP] Check Pods Manifest.lock */ = {
			isa = PBXShellScriptBuildPhase;
			buildActionMask = 2147483647;
			files = (
			);
			inputFileListPaths = (
			);
			inputPaths = (
				"${PODS_PODFILE_DIR_PATH}/Podfile.lock",
				"${PODS_ROOT}/Manifest.lock",
			);
			name = "[CP] Check Pods Manifest.lock";
			outputFileListPaths = (
			);
			outputPaths = (
				"$(DERIVED_FILE_DIR)/Pods-IoritterTests-checkManifestLockResult.txt",
			);
			runOnlyForDeploymentPostprocessing = 0;
			shellPath = /bin/sh;
			shellScript = "diff \"${PODS_PODFILE_DIR_PATH}/Podfile.lock\" \"${PODS_ROOT}/Manifest.lock\" > /dev/null\nif [ $? != 0 ] ; then\n    # print error to STDERR\n    echo \"error: The sandbox is not in sync with the Podfile.lock. Run 'pod install' or update your CocoaPods installation.\" >&2\n    exit 1\nfi\n# This output is used by Xcode 'outputs' to avoid re-running this script phase.\necho \"SUCCESS\" > \"${SCRIPT_OUTPUT_FILE_0}\"\n";
			showEnvVarsInLog = 0;
		};
		379B72F5C77735D56F6F46FD /* [CP] Check Pods Manifest.lock */ = {
			isa = PBXShellScriptBuildPhase;
			buildActionMask = 2147483647;
			files = (
			);
			inputFileListPaths = (
			);
			inputPaths = (
				"${PODS_PODFILE_DIR_PATH}/Podfile.lock",
				"${PODS_ROOT}/Manifest.lock",
			);
			name = "[CP] Check Pods Manifest.lock";
			outputFileListPaths = (
			);
			outputPaths = (
				"$(DERIVED_FILE_DIR)/Pods-IoritterUITests-checkManifestLockResult.txt",
			);
			runOnlyForDeploymentPostprocessing = 0;
			shellPath = /bin/sh;
			shellScript = "diff \"${PODS_PODFILE_DIR_PATH}/Podfile.lock\" \"${PODS_ROOT}/Manifest.lock\" > /dev/null\nif [ $? != 0 ] ; then\n    # print error to STDERR\n    echo \"error: The sandbox is not in sync with the Podfile.lock. Run 'pod install' or update your CocoaPods installation.\" >&2\n    exit 1\nfi\n# This output is used by Xcode 'outputs' to avoid re-running this script phase.\necho \"SUCCESS\" > \"${SCRIPT_OUTPUT_FILE_0}\"\n";
			showEnvVarsInLog = 0;
		};
		58CDDDA03197E91E499458E0 /* [CP] Embed Pods Frameworks */ = {
			isa = PBXShellScriptBuildPhase;
			buildActionMask = 2147483647;
			files = (
			);
			inputFileListPaths = (
			);
			inputPaths = (
				"${PODS_ROOT}/Target Support Files/Pods-Ioritter/Pods-Ioritter-frameworks.sh",
				"${BUILT_PRODUCTS_DIR}/GoogleUtilities/GoogleUtilities.framework",
				"${BUILT_PRODUCTS_DIR}/leveldb-library/leveldb.framework",
				"${BUILT_PRODUCTS_DIR}/nanopb/nanopb.framework",
			);
			name = "[CP] Embed Pods Frameworks";
			outputFileListPaths = (
			);
			outputPaths = (
				"${TARGET_BUILD_DIR}/${FRAMEWORKS_FOLDER_PATH}/GoogleUtilities.framework",
				"${TARGET_BUILD_DIR}/${FRAMEWORKS_FOLDER_PATH}/leveldb.framework",
				"${TARGET_BUILD_DIR}/${FRAMEWORKS_FOLDER_PATH}/nanopb.framework",
			);
			runOnlyForDeploymentPostprocessing = 0;
			shellPath = /bin/sh;
			shellScript = "\"${PODS_ROOT}/Target Support Files/Pods-Ioritter/Pods-Ioritter-frameworks.sh\"\n";
			showEnvVarsInLog = 0;
		};
/* End PBXShellScriptBuildPhase section */

/* Begin PBXSourcesBuildPhase section */
		D63B4A90221A8A030085ABB6 /* Sources */ = {
			isa = PBXSourcesBuildPhase;
			buildActionMask = 2147483647;
			files = (
				D63B4ACD221BCFE40085ABB6 /* TimelineTableViewCell.swift in Sources */,
				D63B4A9A221A8A030085ABB6 /* ViewController.swift in Sources */,
				D63B4ACA221A92690085ABB6 /* TimelineViewController.swift in Sources */,
				D63B4A98221A8A030085ABB6 /* AppDelegate.swift in Sources */,
			);
			runOnlyForDeploymentPostprocessing = 0;
		};
		D63B4AA4221A8A070085ABB6 /* Sources */ = {
			isa = PBXSourcesBuildPhase;
			buildActionMask = 2147483647;
			files = (
				D63B4AAD221A8A070085ABB6 /* IoritterTests.swift in Sources */,
			);
			runOnlyForDeploymentPostprocessing = 0;
		};
		D63B4AAF221A8A070085ABB6 /* Sources */ = {
			isa = PBXSourcesBuildPhase;
			buildActionMask = 2147483647;
			files = (
				D63B4AB8221A8A070085ABB6 /* IoritterUITests.swift in Sources */,
			);
			runOnlyForDeploymentPostprocessing = 0;
		};
/* End PBXSourcesBuildPhase section */

/* Begin PBXTargetDependency section */
		D63B4AAA221A8A070085ABB6 /* PBXTargetDependency */ = {
			isa = PBXTargetDependency;
			target = D63B4A93221A8A030085ABB6 /* Ioritter */;
			targetProxy = D63B4AA9221A8A070085ABB6 /* PBXContainerItemProxy */;
		};
		D63B4AB5221A8A070085ABB6 /* PBXTargetDependency */ = {
			isa = PBXTargetDependency;
			target = D63B4A93221A8A030085ABB6 /* Ioritter */;
			targetProxy = D63B4AB4221A8A070085ABB6 /* PBXContainerItemProxy */;
		};
/* End PBXTargetDependency section */

/* Begin PBXVariantGroup section */
		D63B4A9B221A8A030085ABB6 /* Main.storyboard */ = {
			isa = PBXVariantGroup;
			children = (
				D63B4A9C221A8A030085ABB6 /* Base */,
			);
			name = Main.storyboard;
			sourceTree = "<group>";
		};
		D63B4AA0221A8A060085ABB6 /* LaunchScreen.storyboard */ = {
			isa = PBXVariantGroup;
			children = (
				D63B4AA1221A8A060085ABB6 /* Base */,
			);
			name = LaunchScreen.storyboard;
			sourceTree = "<group>";
		};
/* End PBXVariantGroup section */

/* Begin XCBuildConfiguration section */
		D63B4ABA221A8A070085ABB6 /* Debug */ = {
			isa = XCBuildConfiguration;
			buildSettings = {
				ALWAYS_SEARCH_USER_PATHS = NO;
				CLANG_ANALYZER_NONNULL = YES;
				CLANG_ANALYZER_NUMBER_OBJECT_CONVERSION = YES_AGGRESSIVE;
				CLANG_CXX_LANGUAGE_STANDARD = "gnu++14";
				CLANG_CXX_LIBRARY = "libc++";
				CLANG_ENABLE_MODULES = YES;
				CLANG_ENABLE_OBJC_ARC = YES;
				CLANG_ENABLE_OBJC_WEAK = YES;
				CLANG_WARN_BLOCK_CAPTURE_AUTORELEASING = YES;
				CLANG_WARN_BOOL_CONVERSION = YES;
				CLANG_WARN_COMMA = YES;
				CLANG_WARN_CONSTANT_CONVERSION = YES;
				CLANG_WARN_DEPRECATED_OBJC_IMPLEMENTATIONS = YES;
				CLANG_WARN_DIRECT_OBJC_ISA_USAGE = YES_ERROR;
				CLANG_WARN_DOCUMENTATION_COMMENTS = YES;
				CLANG_WARN_EMPTY_BODY = YES;
				CLANG_WARN_ENUM_CONVERSION = YES;
				CLANG_WARN_INFINITE_RECURSION = YES;
				CLANG_WARN_INT_CONVERSION = YES;
				CLANG_WARN_NON_LITERAL_NULL_CONVERSION = YES;
				CLANG_WARN_OBJC_IMPLICIT_RETAIN_SELF = YES;
				CLANG_WARN_OBJC_LITERAL_CONVERSION = YES;
				CLANG_WARN_OBJC_ROOT_CLASS = YES_ERROR;
				CLANG_WARN_RANGE_LOOP_ANALYSIS = YES;
				CLANG_WARN_STRICT_PROTOTYPES = YES;
				CLANG_WARN_SUSPICIOUS_MOVE = YES;
				CLANG_WARN_UNGUARDED_AVAILABILITY = YES_AGGRESSIVE;
				CLANG_WARN_UNREACHABLE_CODE = YES;
				CLANG_WARN__DUPLICATE_METHOD_MATCH = YES;
				CODE_SIGN_IDENTITY = "iPhone Developer";
				COPY_PHASE_STRIP = NO;
				DEBUG_INFORMATION_FORMAT = dwarf;
				ENABLE_STRICT_OBJC_MSGSEND = YES;
				ENABLE_TESTABILITY = YES;
				GCC_C_LANGUAGE_STANDARD = gnu11;
				GCC_DYNAMIC_NO_PIC = NO;
				GCC_NO_COMMON_BLOCKS = YES;
				GCC_OPTIMIZATION_LEVEL = 0;
				GCC_PREPROCESSOR_DEFINITIONS = (
					"DEBUG=1",
					"$(inherited)",
				);
				GCC_WARN_64_TO_32_BIT_CONVERSION = YES;
				GCC_WARN_ABOUT_RETURN_TYPE = YES_ERROR;
				GCC_WARN_UNDECLARED_SELECTOR = YES;
				GCC_WARN_UNINITIALIZED_AUTOS = YES_AGGRESSIVE;
				GCC_WARN_UNUSED_FUNCTION = YES;
				GCC_WARN_UNUSED_VARIABLE = YES;
				IPHONEOS_DEPLOYMENT_TARGET = 12.1;
				MTL_ENABLE_DEBUG_INFO = INCLUDE_SOURCE;
				MTL_FAST_MATH = YES;
				ONLY_ACTIVE_ARCH = YES;
				SDKROOT = iphoneos;
				SWIFT_ACTIVE_COMPILATION_CONDITIONS = DEBUG;
				SWIFT_OPTIMIZATION_LEVEL = "-Onone";
			};
			name = Debug;
		};
		D63B4ABB221A8A070085ABB6 /* Release */ = {
			isa = XCBuildConfiguration;
			buildSettings = {
				ALWAYS_SEARCH_USER_PATHS = NO;
				CLANG_ANALYZER_NONNULL = YES;
				CLANG_ANALYZER_NUMBER_OBJECT_CONVERSION = YES_AGGRESSIVE;
				CLANG_CXX_LANGUAGE_STANDARD = "gnu++14";
				CLANG_CXX_LIBRARY = "libc++";
				CLANG_ENABLE_MODULES = YES;
				CLANG_ENABLE_OBJC_ARC = YES;
				CLANG_ENABLE_OBJC_WEAK = YES;
				CLANG_WARN_BLOCK_CAPTURE_AUTORELEASING = YES;
				CLANG_WARN_BOOL_CONVERSION = YES;
				CLANG_WARN_COMMA = YES;
				CLANG_WARN_CONSTANT_CONVERSION = YES;
				CLANG_WARN_DEPRECATED_OBJC_IMPLEMENTATIONS = YES;
				CLANG_WARN_DIRECT_OBJC_ISA_USAGE = YES_ERROR;
				CLANG_WARN_DOCUMENTATION_COMMENTS = YES;
				CLANG_WARN_EMPTY_BODY = YES;
				CLANG_WARN_ENUM_CONVERSION = YES;
				CLANG_WARN_INFINITE_RECURSION = YES;
				CLANG_WARN_INT_CONVERSION = YES;
				CLANG_WARN_NON_LITERAL_NULL_CONVERSION = YES;
				CLANG_WARN_OBJC_IMPLICIT_RETAIN_SELF = YES;
				CLANG_WARN_OBJC_LITERAL_CONVERSION = YES;
				CLANG_WARN_OBJC_ROOT_CLASS = YES_ERROR;
				CLANG_WARN_RANGE_LOOP_ANALYSIS = YES;
				CLANG_WARN_STRICT_PROTOTYPES = YES;
				CLANG_WARN_SUSPICIOUS_MOVE = YES;
				CLANG_WARN_UNGUARDED_AVAILABILITY = YES_AGGRESSIVE;
				CLANG_WARN_UNREACHABLE_CODE = YES;
				CLANG_WARN__DUPLICATE_METHOD_MATCH = YES;
				CODE_SIGN_IDENTITY = "iPhone Developer";
				COPY_PHASE_STRIP = NO;
				DEBUG_INFORMATION_FORMAT = "dwarf-with-dsym";
				ENABLE_NS_ASSERTIONS = NO;
				ENABLE_STRICT_OBJC_MSGSEND = YES;
				GCC_C_LANGUAGE_STANDARD = gnu11;
				GCC_NO_COMMON_BLOCKS = YES;
				GCC_WARN_64_TO_32_BIT_CONVERSION = YES;
				GCC_WARN_ABOUT_RETURN_TYPE = YES_ERROR;
				GCC_WARN_UNDECLARED_SELECTOR = YES;
				GCC_WARN_UNINITIALIZED_AUTOS = YES_AGGRESSIVE;
				GCC_WARN_UNUSED_FUNCTION = YES;
				GCC_WARN_UNUSED_VARIABLE = YES;
				IPHONEOS_DEPLOYMENT_TARGET = 12.1;
				MTL_ENABLE_DEBUG_INFO = NO;
				MTL_FAST_MATH = YES;
				SDKROOT = iphoneos;
				SWIFT_COMPILATION_MODE = wholemodule;
				SWIFT_OPTIMIZATION_LEVEL = "-O";
				VALIDATE_PRODUCT = YES;
			};
			name = Release;
		};
		D63B4ABD221A8A070085ABB6 /* Debug */ = {
			isa = XCBuildConfiguration;
			baseConfigurationReference = B2887A6C129EC7F1AFB4474A /* Pods-Ioritter.debug.xcconfig */;
			buildSettings = {
				ASSETCATALOG_COMPILER_APPICON_NAME = AppIcon;
				CODE_SIGN_STYLE = Automatic;
				INFOPLIST_FILE = Ioritter/Info.plist;
				LD_RUNPATH_SEARCH_PATHS = (
					"$(inherited)",
					"@executable_path/Frameworks",
				);
				PRODUCT_BUNDLE_IDENTIFIER = yunaK.Ioritter;
				PRODUCT_NAME = "$(TARGET_NAME)";
				SWIFT_VERSION = 4.2;
				TARGETED_DEVICE_FAMILY = "1,2";
			};
			name = Debug;
		};
		D63B4ABE221A8A070085ABB6 /* Release */ = {
			isa = XCBuildConfiguration;
			baseConfigurationReference = 9EBCD32533651965C7EB795B /* Pods-Ioritter.release.xcconfig */;
			buildSettings = {
				ASSETCATALOG_COMPILER_APPICON_NAME = AppIcon;
				CODE_SIGN_STYLE = Automatic;
				INFOPLIST_FILE = Ioritter/Info.plist;
				LD_RUNPATH_SEARCH_PATHS = (
					"$(inherited)",
					"@executable_path/Frameworks",
				);
				PRODUCT_BUNDLE_IDENTIFIER = yunaK.Ioritter;
				PRODUCT_NAME = "$(TARGET_NAME)";
				SWIFT_VERSION = 4.2;
				TARGETED_DEVICE_FAMILY = "1,2";
			};
			name = Release;
		};
		D63B4AC0221A8A070085ABB6 /* Debug */ = {
			isa = XCBuildConfiguration;
			baseConfigurationReference = 2011224258AD6A589D022178 /* Pods-IoritterTests.debug.xcconfig */;
			buildSettings = {
				ALWAYS_EMBED_SWIFT_STANDARD_LIBRARIES = YES;
				BUNDLE_LOADER = "$(TEST_HOST)";
				CODE_SIGN_STYLE = Automatic;
				INFOPLIST_FILE = IoritterTests/Info.plist;
				LD_RUNPATH_SEARCH_PATHS = (
					"$(inherited)",
					"@executable_path/Frameworks",
					"@loader_path/Frameworks",
				);
				PRODUCT_BUNDLE_IDENTIFIER = yunaK.IoritterTests;
				PRODUCT_NAME = "$(TARGET_NAME)";
				SWIFT_VERSION = 4.2;
				TARGETED_DEVICE_FAMILY = "1,2";
				TEST_HOST = "$(BUILT_PRODUCTS_DIR)/Ioritter.app/Ioritter";
			};
			name = Debug;
		};
		D63B4AC1221A8A070085ABB6 /* Release */ = {
			isa = XCBuildConfiguration;
			baseConfigurationReference = BCB7673D1631BFB2C3E90126 /* Pods-IoritterTests.release.xcconfig */;
			buildSettings = {
				ALWAYS_EMBED_SWIFT_STANDARD_LIBRARIES = YES;
				BUNDLE_LOADER = "$(TEST_HOST)";
				CODE_SIGN_STYLE = Automatic;
				INFOPLIST_FILE = IoritterTests/Info.plist;
				LD_RUNPATH_SEARCH_PATHS = (
					"$(inherited)",
					"@executable_path/Frameworks",
					"@loader_path/Frameworks",
				);
				PRODUCT_BUNDLE_IDENTIFIER = yunaK.IoritterTests;
				PRODUCT_NAME = "$(TARGET_NAME)";
				SWIFT_VERSION = 4.2;
				TARGETED_DEVICE_FAMILY = "1,2";
				TEST_HOST = "$(BUILT_PRODUCTS_DIR)/Ioritter.app/Ioritter";
			};
			name = Release;
		};
		D63B4AC3221A8A070085ABB6 /* Debug */ = {
			isa = XCBuildConfiguration;
			baseConfigurationReference = B2EE7A79A26F3ECA7DF499B5 /* Pods-IoritterUITests.debug.xcconfig */;
			buildSettings = {
				ALWAYS_EMBED_SWIFT_STANDARD_LIBRARIES = YES;
				CODE_SIGN_STYLE = Automatic;
				INFOPLIST_FILE = IoritterUITests/Info.plist;
				LD_RUNPATH_SEARCH_PATHS = (
					"$(inherited)",
					"@executable_path/Frameworks",
					"@loader_path/Frameworks",
				);
				PRODUCT_BUNDLE_IDENTIFIER = yunaK.IoritterUITests;
				PRODUCT_NAME = "$(TARGET_NAME)";
				SWIFT_VERSION = 4.2;
				TARGETED_DEVICE_FAMILY = "1,2";
				TEST_TARGET_NAME = Ioritter;
			};
			name = Debug;
		};
		D63B4AC4221A8A070085ABB6 /* Release */ = {
			isa = XCBuildConfiguration;
			baseConfigurationReference = 87260024B30054966D776E7A /* Pods-IoritterUITests.release.xcconfig */;
			buildSettings = {
				ALWAYS_EMBED_SWIFT_STANDARD_LIBRARIES = YES;
				CODE_SIGN_STYLE = Automatic;
				INFOPLIST_FILE = IoritterUITests/Info.plist;
				LD_RUNPATH_SEARCH_PATHS = (
					"$(inherited)",
					"@executable_path/Frameworks",
					"@loader_path/Frameworks",
				);
				PRODUCT_BUNDLE_IDENTIFIER = yunaK.IoritterUITests;
				PRODUCT_NAME = "$(TARGET_NAME)";
				SWIFT_VERSION = 4.2;
				TARGETED_DEVICE_FAMILY = "1,2";
				TEST_TARGET_NAME = Ioritter;
			};
			name = Release;
		};
/* End XCBuildConfiguration section */

/* Begin XCConfigurationList section */
		D63B4A8F221A8A020085ABB6 /* Build configuration list for PBXProject "Ioritter" */ = {
			isa = XCConfigurationList;
			buildConfigurations = (
				D63B4ABA221A8A070085ABB6 /* Debug */,
				D63B4ABB221A8A070085ABB6 /* Release */,
			);
			defaultConfigurationIsVisible = 0;
			defaultConfigurationName = Release;
		};
		D63B4ABC221A8A070085ABB6 /* Build configuration list for PBXNativeTarget "Ioritter" */ = {
			isa = XCConfigurationList;
			buildConfigurations = (
				D63B4ABD221A8A070085ABB6 /* Debug */,
				D63B4ABE221A8A070085ABB6 /* Release */,
			);
			defaultConfigurationIsVisible = 0;
			defaultConfigurationName = Release;
		};
		D63B4ABF221A8A070085ABB6 /* Build configuration list for PBXNativeTarget "IoritterTests" */ = {
			isa = XCConfigurationList;
			buildConfigurations = (
				D63B4AC0221A8A070085ABB6 /* Debug */,
				D63B4AC1221A8A070085ABB6 /* Release */,
			);
			defaultConfigurationIsVisible = 0;
			defaultConfigurationName = Release;
		};
		D63B4AC2221A8A070085ABB6 /* Build configuration list for PBXNativeTarget "IoritterUITests" */ = {
			isa = XCConfigurationList;
			buildConfigurations = (
				D63B4AC3221A8A070085ABB6 /* Debug */,
				D63B4AC4221A8A070085ABB6 /* Release */,
			);
			defaultConfigurationIsVisible = 0;
			defaultConfigurationName = Release;
		};
/* End XCConfigurationList section */
	};
	rootObject = D63B4A8C221A8A020085ABB6 /* Project object */;
}
